
Microsoft Visual Studio Solution File, Format Version 12.00
# Visual Studio Version 17
VisualStudioVersion = 17.9.34723.18
MinimumVisualStudioVersion = 10.0.40219.1
Project("{FAE04EC0-301F-11D3-BF4B-00C04F79EFBC}") = "Isplata novca u novcanicama tj trostruka petlja", "Isplata novca u novcanicama tj trostruka petlja\Isplata novca u novcanicama tj trostruka petlja.csproj", "{529FAD0E-B511-48F2-92E7-E219E0BDA2ED}"
EndProject
Global
	GlobalSection(SolutionConfigurationPlatforms) = preSolution
		Debug|Any CPU = Debug|Any CPU
		Release|Any CPU = Release|Any CPU
	EndGlobalSection
	GlobalSection(ProjectConfigurationPlatforms) = postSolution
		{529FAD0E-B511-48F2-92E7-E219E0BDA2ED}.Debug|Any CPU.ActiveCfg = Debug|Any CPU
		{529FAD0E-B511-48F2-92E7-E219E0BDA2ED}.Debug|Any CPU.Build.0 = Debug|Any CPU
		{529FAD0E-B511-48F2-92E7-E219E0BDA2ED}.Release|Any CPU.ActiveCfg = Release|Any CPU
		{529FAD0E-B511-48F2-92E7-E219E0BDA2ED}.Release|Any CPU.Build.0 = Release|Any CPU
	EndGlobalSection
	GlobalSection(SolutionProperties) = preSolution
		HideSolutionNode = FALSE
	EndGlobalSection
	GlobalSection(ExtensibilityGlobals) = postSolution
		SolutionGuid = {AC54319A-2664-4301-9666-09D45C0FF532}
	EndGlobalSection
EndGlobal
