
Microsoft Visual Studio Solution File, Format Version 12.00
# Visual Studio Version 17
VisualStudioVersion = 17.9.34723.18
MinimumVisualStudioVersion = 10.0.40219.1
Project("{FAE04EC0-301F-11D3-BF4B-00C04F79EFBC}") = "PrvoVelikoSlovo", "PrvoVelikoSlovo\PrvoVelikoSlovo.csproj", "{9030F6FB-149B-469D-A939-A9681AD65810}"
EndProject
Global
	GlobalSection(SolutionConfigurationPlatforms) = preSolution
		Debug|Any CPU = Debug|Any CPU
		Release|Any CPU = Release|Any CPU
	EndGlobalSection
	GlobalSection(ProjectConfigurationPlatforms) = postSolution
		{9030F6FB-149B-469D-A939-A9681AD65810}.Debug|Any CPU.ActiveCfg = Debug|Any CPU
		{9030F6FB-149B-469D-A939-A9681AD65810}.Debug|Any CPU.Build.0 = Debug|Any CPU
		{9030F6FB-149B-469D-A939-A9681AD65810}.Release|Any CPU.ActiveCfg = Release|Any CPU
		{9030F6FB-149B-469D-A939-A9681AD65810}.Release|Any CPU.Build.0 = Release|Any CPU
	EndGlobalSection
	GlobalSection(SolutionProperties) = preSolution
		HideSolutionNode = FALSE
	EndGlobalSection
	GlobalSection(ExtensibilityGlobals) = postSolution
		SolutionGuid = {C8A55244-5906-416D-A0DD-7DCC91A65900}
	EndGlobalSection
EndGlobal
