
Microsoft Visual Studio Solution File, Format Version 12.00
# Visual Studio Version 17
VisualStudioVersion = 17.9.34723.18
MinimumVisualStudioVersion = 10.0.40219.1
Project("{FAE04EC0-301F-11D3-BF4B-00C04F79EFBC}") = "DAtumRodjenja", "DAtumRodjenja\DAtumRodjenja.csproj", "{7B6D997F-0197-4F07-9ED3-309B6A34BD1A}"
EndProject
Global
	GlobalSection(SolutionConfigurationPlatforms) = preSolution
		Debug|Any CPU = Debug|Any CPU
		Release|Any CPU = Release|Any CPU
	EndGlobalSection
	GlobalSection(ProjectConfigurationPlatforms) = postSolution
		{7B6D997F-0197-4F07-9ED3-309B6A34BD1A}.Debug|Any CPU.ActiveCfg = Debug|Any CPU
		{7B6D997F-0197-4F07-9ED3-309B6A34BD1A}.Debug|Any CPU.Build.0 = Debug|Any CPU
		{7B6D997F-0197-4F07-9ED3-309B6A34BD1A}.Release|Any CPU.ActiveCfg = Release|Any CPU
		{7B6D997F-0197-4F07-9ED3-309B6A34BD1A}.Release|Any CPU.Build.0 = Release|Any CPU
	EndGlobalSection
	GlobalSection(SolutionProperties) = preSolution
		HideSolutionNode = FALSE
	EndGlobalSection
	GlobalSection(ExtensibilityGlobals) = postSolution
		SolutionGuid = {953E6381-6AC3-4AC4-B054-CE17059FA49C}
	EndGlobalSection
EndGlobal
