
Microsoft Visual Studio Solution File, Format Version 12.00
# Visual Studio Version 17
VisualStudioVersion = 17.9.34723.18
MinimumVisualStudioVersion = 10.0.40219.1
Project("{FAE04EC0-301F-11D3-BF4B-00C04F79EFBC}") = "Math clasa", "Math clasa\Math clasa.csproj", "{D050E85B-FF96-4BFB-BFF0-25572F921905}"
EndProject
Global
	GlobalSection(SolutionConfigurationPlatforms) = preSolution
		Debug|Any CPU = Debug|Any CPU
		Release|Any CPU = Release|Any CPU
	EndGlobalSection
	GlobalSection(ProjectConfigurationPlatforms) = postSolution
		{D050E85B-FF96-4BFB-BFF0-25572F921905}.Debug|Any CPU.ActiveCfg = Debug|Any CPU
		{D050E85B-FF96-4BFB-BFF0-25572F921905}.Debug|Any CPU.Build.0 = Debug|Any CPU
		{D050E85B-FF96-4BFB-BFF0-25572F921905}.Release|Any CPU.ActiveCfg = Release|Any CPU
		{D050E85B-FF96-4BFB-BFF0-25572F921905}.Release|Any CPU.Build.0 = Release|Any CPU
	EndGlobalSection
	GlobalSection(SolutionProperties) = preSolution
		HideSolutionNode = FALSE
	EndGlobalSection
	GlobalSection(ExtensibilityGlobals) = postSolution
		SolutionGuid = {0D274ED7-AFAB-40B2-B3C7-F8861851D030}
	EndGlobalSection
EndGlobal
