
Microsoft Visual Studio Solution File, Format Version 12.00
# Visual Studio Version 17
VisualStudioVersion = 17.9.34723.18
MinimumVisualStudioVersion = 10.0.40219.1
Project("{FAE04EC0-301F-11D3-BF4B-00C04F79EFBC}") = "racunjanje formule shodno a", "racunjanje formule shodno a\racunjanje formule shodno a.csproj", "{FD862829-AE5E-4FF6-8458-2FD7F8605F26}"
EndProject
Global
	GlobalSection(SolutionConfigurationPlatforms) = preSolution
		Debug|Any CPU = Debug|Any CPU
		Release|Any CPU = Release|Any CPU
	EndGlobalSection
	GlobalSection(ProjectConfigurationPlatforms) = postSolution
		{FD862829-AE5E-4FF6-8458-2FD7F8605F26}.Debug|Any CPU.ActiveCfg = Debug|Any CPU
		{FD862829-AE5E-4FF6-8458-2FD7F8605F26}.Debug|Any CPU.Build.0 = Debug|Any CPU
		{FD862829-AE5E-4FF6-8458-2FD7F8605F26}.Release|Any CPU.ActiveCfg = Release|Any CPU
		{FD862829-AE5E-4FF6-8458-2FD7F8605F26}.Release|Any CPU.Build.0 = Release|Any CPU
	EndGlobalSection
	GlobalSection(SolutionProperties) = preSolution
		HideSolutionNode = FALSE
	EndGlobalSection
	GlobalSection(ExtensibilityGlobals) = postSolution
		SolutionGuid = {43D3E186-54CC-4921-A40D-7A63F1A79A85}
	EndGlobalSection
EndGlobal
