
Microsoft Visual Studio Solution File, Format Version 12.00
# Visual Studio Version 17
VisualStudioVersion = 17.9.34723.18
MinimumVisualStudioVersion = 10.0.40219.1
Project("{FAE04EC0-301F-11D3-BF4B-00C04F79EFBC}") = "Poredjenje metoda kalse i objekta", "Poredjenje metoda kalse i objekta\Poredjenje metoda kalse i objekta.csproj", "{4FC22C89-5708-4EBC-B907-D1969FF276C7}"
EndProject
Global
	GlobalSection(SolutionConfigurationPlatforms) = preSolution
		Debug|Any CPU = Debug|Any CPU
		Release|Any CPU = Release|Any CPU
	EndGlobalSection
	GlobalSection(ProjectConfigurationPlatforms) = postSolution
		{4FC22C89-5708-4EBC-B907-D1969FF276C7}.Debug|Any CPU.ActiveCfg = Debug|Any CPU
		{4FC22C89-5708-4EBC-B907-D1969FF276C7}.Debug|Any CPU.Build.0 = Debug|Any CPU
		{4FC22C89-5708-4EBC-B907-D1969FF276C7}.Release|Any CPU.ActiveCfg = Release|Any CPU
		{4FC22C89-5708-4EBC-B907-D1969FF276C7}.Release|Any CPU.Build.0 = Release|Any CPU
	EndGlobalSection
	GlobalSection(SolutionProperties) = preSolution
		HideSolutionNode = FALSE
	EndGlobalSection
	GlobalSection(ExtensibilityGlobals) = postSolution
		SolutionGuid = {A6E0C67C-A9A7-417A-B0AA-D5C3A65B7EB7}
	EndGlobalSection
EndGlobal
