
Microsoft Visual Studio Solution File, Format Version 12.00
# Visual Studio Version 17
VisualStudioVersion = 17.9.34723.18
MinimumVisualStudioVersion = 10.0.40219.1
Project("{FAE04EC0-301F-11D3-BF4B-00C04F79EFBC}") = "domaci 5.4 random characteri", "domaci 5.4 random characteri\domaci 5.4 random characteri.csproj", "{36F202F9-14BB-4F27-A004-DF3E6774161A}"
EndProject
Global
	GlobalSection(SolutionConfigurationPlatforms) = preSolution
		Debug|Any CPU = Debug|Any CPU
		Release|Any CPU = Release|Any CPU
	EndGlobalSection
	GlobalSection(ProjectConfigurationPlatforms) = postSolution
		{36F202F9-14BB-4F27-A004-DF3E6774161A}.Debug|Any CPU.ActiveCfg = Debug|Any CPU
		{36F202F9-14BB-4F27-A004-DF3E6774161A}.Debug|Any CPU.Build.0 = Debug|Any CPU
		{36F202F9-14BB-4F27-A004-DF3E6774161A}.Release|Any CPU.ActiveCfg = Release|Any CPU
		{36F202F9-14BB-4F27-A004-DF3E6774161A}.Release|Any CPU.Build.0 = Release|Any CPU
	EndGlobalSection
	GlobalSection(SolutionProperties) = preSolution
		HideSolutionNode = FALSE
	EndGlobalSection
	GlobalSection(ExtensibilityGlobals) = postSolution
		SolutionGuid = {A8B52587-FE49-4280-9AF5-0B17DA87499E}
	EndGlobalSection
EndGlobal
