
Microsoft Visual Studio Solution File, Format Version 12.00
# Visual Studio Version 17
VisualStudioVersion = 17.9.34723.18
MinimumVisualStudioVersion = 10.0.40219.1
Project("{FAE04EC0-301F-11D3-BF4B-00C04F79EFBC}") = "foreach suma", "foreach suma\foreach suma.csproj", "{F86C1552-28B1-4CA3-904A-C0FA8F5F1CFE}"
EndProject
Global
	GlobalSection(SolutionConfigurationPlatforms) = preSolution
		Debug|Any CPU = Debug|Any CPU
		Release|Any CPU = Release|Any CPU
	EndGlobalSection
	GlobalSection(ProjectConfigurationPlatforms) = postSolution
		{F86C1552-28B1-4CA3-904A-C0FA8F5F1CFE}.Debug|Any CPU.ActiveCfg = Debug|Any CPU
		{F86C1552-28B1-4CA3-904A-C0FA8F5F1CFE}.Debug|Any CPU.Build.0 = Debug|Any CPU
		{F86C1552-28B1-4CA3-904A-C0FA8F5F1CFE}.Release|Any CPU.ActiveCfg = Release|Any CPU
		{F86C1552-28B1-4CA3-904A-C0FA8F5F1CFE}.Release|Any CPU.Build.0 = Release|Any CPU
	EndGlobalSection
	GlobalSection(SolutionProperties) = preSolution
		HideSolutionNode = FALSE
	EndGlobalSection
	GlobalSection(ExtensibilityGlobals) = postSolution
		SolutionGuid = {7B1BFEEC-14D2-4935-BAEE-CB763E471EFC}
	EndGlobalSection
EndGlobal
