
Microsoft Visual Studio Solution File, Format Version 12.00
# Visual Studio Version 17
VisualStudioVersion = 17.9.34723.18
MinimumVisualStudioVersion = 10.0.40219.1
Project("{FAE04EC0-301F-11D3-BF4B-00C04F79EFBC}") = "odredjivanje brojeva za dati uslov", "odredjivanje brojeva za dati uslov\odredjivanje brojeva za dati uslov.csproj", "{94FA450C-3113-449C-B488-B09CADEEFEDA}"
EndProject
Global
	GlobalSection(SolutionConfigurationPlatforms) = preSolution
		Debug|Any CPU = Debug|Any CPU
		Release|Any CPU = Release|Any CPU
	EndGlobalSection
	GlobalSection(ProjectConfigurationPlatforms) = postSolution
		{94FA450C-3113-449C-B488-B09CADEEFEDA}.Debug|Any CPU.ActiveCfg = Debug|Any CPU
		{94FA450C-3113-449C-B488-B09CADEEFEDA}.Debug|Any CPU.Build.0 = Debug|Any CPU
		{94FA450C-3113-449C-B488-B09CADEEFEDA}.Release|Any CPU.ActiveCfg = Release|Any CPU
		{94FA450C-3113-449C-B488-B09CADEEFEDA}.Release|Any CPU.Build.0 = Release|Any CPU
	EndGlobalSection
	GlobalSection(SolutionProperties) = preSolution
		HideSolutionNode = FALSE
	EndGlobalSection
	GlobalSection(ExtensibilityGlobals) = postSolution
		SolutionGuid = {068A255A-30F9-42B6-B707-7A284A85F216}
	EndGlobalSection
EndGlobal
