
Microsoft Visual Studio Solution File, Format Version 12.00
# Visual Studio Version 17
VisualStudioVersion = 17.9.34723.18
MinimumVisualStudioVersion = 10.0.40219.1
Project("{FAE04EC0-301F-11D3-BF4B-00C04F79EFBC}") = "Domaci 5.1 funkcija", "Domaci 5.1 funkcija\Domaci 5.1 funkcija.csproj", "{B8956B83-03B3-4C89-8856-93E208B97706}"
EndProject
Global
	GlobalSection(SolutionConfigurationPlatforms) = preSolution
		Debug|Any CPU = Debug|Any CPU
		Release|Any CPU = Release|Any CPU
	EndGlobalSection
	GlobalSection(ProjectConfigurationPlatforms) = postSolution
		{B8956B83-03B3-4C89-8856-93E208B97706}.Debug|Any CPU.ActiveCfg = Debug|Any CPU
		{B8956B83-03B3-4C89-8856-93E208B97706}.Debug|Any CPU.Build.0 = Debug|Any CPU
		{B8956B83-03B3-4C89-8856-93E208B97706}.Release|Any CPU.ActiveCfg = Release|Any CPU
		{B8956B83-03B3-4C89-8856-93E208B97706}.Release|Any CPU.Build.0 = Release|Any CPU
	EndGlobalSection
	GlobalSection(SolutionProperties) = preSolution
		HideSolutionNode = FALSE
	EndGlobalSection
	GlobalSection(ExtensibilityGlobals) = postSolution
		SolutionGuid = {41CCBEB5-BA64-41D9-9BB3-3A25335F3D75}
	EndGlobalSection
EndGlobal
