
Microsoft Visual Studio Solution File, Format Version 12.00
# Visual Studio Version 17
VisualStudioVersion = 17.9.34723.18
MinimumVisualStudioVersion = 10.0.40219.1
Project("{FAE04EC0-301F-11D3-BF4B-00C04F79EFBC}") = "broj je prost", "broj je prost\broj je prost.csproj", "{53F55E9A-DC31-4C6E-B63F-161BE18BB8B6}"
EndProject
Global
	GlobalSection(SolutionConfigurationPlatforms) = preSolution
		Debug|Any CPU = Debug|Any CPU
		Release|Any CPU = Release|Any CPU
	EndGlobalSection
	GlobalSection(ProjectConfigurationPlatforms) = postSolution
		{53F55E9A-DC31-4C6E-B63F-161BE18BB8B6}.Debug|Any CPU.ActiveCfg = Debug|Any CPU
		{53F55E9A-DC31-4C6E-B63F-161BE18BB8B6}.Debug|Any CPU.Build.0 = Debug|Any CPU
		{53F55E9A-DC31-4C6E-B63F-161BE18BB8B6}.Release|Any CPU.ActiveCfg = Release|Any CPU
		{53F55E9A-DC31-4C6E-B63F-161BE18BB8B6}.Release|Any CPU.Build.0 = Release|Any CPU
	EndGlobalSection
	GlobalSection(SolutionProperties) = preSolution
		HideSolutionNode = FALSE
	EndGlobalSection
	GlobalSection(ExtensibilityGlobals) = postSolution
		SolutionGuid = {97638335-223F-4378-BE03-F000409146AB}
	EndGlobalSection
EndGlobal
