
Microsoft Visual Studio Solution File, Format Version 12.00
# Visual Studio Version 17
VisualStudioVersion = 17.9.34723.18
MinimumVisualStudioVersion = 10.0.40219.1
Project("{FAE04EC0-301F-11D3-BF4B-00C04F79EFBC}") = "NadovezivanjeStringa", "NadovezivanjeStringa\NadovezivanjeStringa.csproj", "{F31D4F55-E293-4187-909C-627CD0D42DC7}"
EndProject
Global
	GlobalSection(SolutionConfigurationPlatforms) = preSolution
		Debug|Any CPU = Debug|Any CPU
		Release|Any CPU = Release|Any CPU
	EndGlobalSection
	GlobalSection(ProjectConfigurationPlatforms) = postSolution
		{F31D4F55-E293-4187-909C-627CD0D42DC7}.Debug|Any CPU.ActiveCfg = Debug|Any CPU
		{F31D4F55-E293-4187-909C-627CD0D42DC7}.Debug|Any CPU.Build.0 = Debug|Any CPU
		{F31D4F55-E293-4187-909C-627CD0D42DC7}.Release|Any CPU.ActiveCfg = Release|Any CPU
		{F31D4F55-E293-4187-909C-627CD0D42DC7}.Release|Any CPU.Build.0 = Release|Any CPU
	EndGlobalSection
	GlobalSection(SolutionProperties) = preSolution
		HideSolutionNode = FALSE
	EndGlobalSection
	GlobalSection(ExtensibilityGlobals) = postSolution
		SolutionGuid = {140C5E58-D774-496E-88BC-B52E51C2B72D}
	EndGlobalSection
EndGlobal
