
Microsoft Visual Studio Solution File, Format Version 12.00
# Visual Studio Version 17
VisualStudioVersion = 17.9.34723.18
MinimumVisualStudioVersion = 10.0.40219.1
Project("{FAE04EC0-301F-11D3-BF4B-00C04F79EFBC}") = "FarenhajtUCelzijus", "FarenhajtUCelzijus\FarenhajtUCelzijus.csproj", "{BDC4BC82-6E15-4265-A2DE-3B2F706C6DEC}"
EndProject
Global
	GlobalSection(SolutionConfigurationPlatforms) = preSolution
		Debug|Any CPU = Debug|Any CPU
		Release|Any CPU = Release|Any CPU
	EndGlobalSection
	GlobalSection(ProjectConfigurationPlatforms) = postSolution
		{BDC4BC82-6E15-4265-A2DE-3B2F706C6DEC}.Debug|Any CPU.ActiveCfg = Debug|Any CPU
		{BDC4BC82-6E15-4265-A2DE-3B2F706C6DEC}.Debug|Any CPU.Build.0 = Debug|Any CPU
		{BDC4BC82-6E15-4265-A2DE-3B2F706C6DEC}.Release|Any CPU.ActiveCfg = Release|Any CPU
		{BDC4BC82-6E15-4265-A2DE-3B2F706C6DEC}.Release|Any CPU.Build.0 = Release|Any CPU
	EndGlobalSection
	GlobalSection(SolutionProperties) = preSolution
		HideSolutionNode = FALSE
	EndGlobalSection
	GlobalSection(ExtensibilityGlobals) = postSolution
		SolutionGuid = {9B0B1876-A6EC-4129-B06B-ABD6C1EC990E}
	EndGlobalSection
EndGlobal
